
Microsoft Visual Studio Solution File, Format Version 12.00
# Visual Studio 15
VisualStudioVersion = 15.0.28307.779
MinimumVisualStudioVersion = 10.0.40219.1
Project("{FAE04EC0-301F-11D3-BF4B-00C04F79EFBC}") = "assignment", "assignment\assignment.csproj", "{8B94AC51-56E3-45D7-B5BA-F247A818C18E}"
EndProject
Global
	GlobalSection(SolutionConfigurationPlatforms) = preSolution
		Debug|Any CPU = Debug|Any CPU
		Release|Any CPU = Release|Any CPU
	EndGlobalSection
	GlobalSection(ProjectConfigurationPlatforms) = postSolution
		{8B94AC51-56E3-45D7-B5BA-F247A818C18E}.Debug|Any CPU.ActiveCfg = Debug|Any CPU
		{8B94AC51-56E3-45D7-B5BA-F247A818C18E}.Debug|Any CPU.Build.0 = Debug|Any CPU
		{8B94AC51-56E3-45D7-B5BA-F247A818C18E}.Release|Any CPU.ActiveCfg = Release|Any CPU
		{8B94AC51-56E3-45D7-B5BA-F247A818C18E}.Release|Any CPU.Build.0 = Release|Any CPU
	EndGlobalSection
	GlobalSection(SolutionProperties) = preSolution
		HideSolutionNode = FALSE
	EndGlobalSection
	GlobalSection(ExtensibilityGlobals) = postSolution
		SolutionGuid = {5C672F39-3B55-463C-BC39-862FAF8E7844}
	EndGlobalSection
EndGlobal
